// !$*UTF8*$!
{
	archiveVersion = 1;
	classes = {
	};
	objectVersion = 56;
	objects = {

/* Begin PBXBuildFile section */
		117C0BA62B6281630027FD45 /* AppDelegate.swift in Sources */ = {isa = PBXBuildFile; fileRef = 117C0BA52B6281630027FD45 /* AppDelegate.swift */; };
		117C0BA82B6281630027FD45 /* SceneDelegate.swift in Sources */ = {isa = PBXBuildFile; fileRef = 117C0BA72B6281630027FD45 /* SceneDelegate.swift */; };
		117C0BAA2B6281630027FD45 /* ViewController.swift in Sources */ = {isa = PBXBuildFile; fileRef = 117C0BA92B6281630027FD45 /* ViewController.swift */; };
		117C0BAD2B6281630027FD45 /* Main.storyboard in Resources */ = {isa = PBXBuildFile; fileRef = 117C0BAB2B6281630027FD45 /* Main.storyboard */; };
		117C0BAF2B6281640027FD45 /* Assets.xcassets in Resources */ = {isa = PBXBuildFile; fileRef = 117C0BAE2B6281640027FD45 /* Assets.xcassets */; };
		117C0BB22B6281640027FD45 /* LaunchScreen.storyboard in Resources */ = {isa = PBXBuildFile; fileRef = 117C0BB02B6281640027FD45 /* LaunchScreen.storyboard */; };
		117C0BBF2B62B7460027FD45 /* ChatViewModel.swift in Sources */ = {isa = PBXBuildFile; fileRef = 117C0BBE2B62B7460027FD45 /* ChatViewModel.swift */; };
		117C0BC22B62CC360027FD45 /* BaseViewModel.swift in Sources */ = {isa = PBXBuildFile; fileRef = 117C0BC12B62CC360027FD45 /* BaseViewModel.swift */; };
		117C0BC62B62CC570027FD45 /* Bindable.swift in Sources */ = {isa = PBXBuildFile; fileRef = 117C0BC52B62CC570027FD45 /* Bindable.swift */; };
		117C0BC82B62CC670027FD45 /* ChatEvent.swift in Sources */ = {isa = PBXBuildFile; fileRef = 117C0BC72B62CC670027FD45 /* ChatEvent.swift */; };
		117C0BCA2B62CC740027FD45 /* ChatError.swift in Sources */ = {isa = PBXBuildFile; fileRef = 117C0BC92B62CC740027FD45 /* ChatError.swift */; };
		117C0BCC2B62CC7F0027FD45 /* MessageType.swift in Sources */ = {isa = PBXBuildFile; fileRef = 117C0BCB2B62CC7F0027FD45 /* MessageType.swift */; };
		117C0BCE2B62CC8B0027FD45 /* MessageStatus.swift in Sources */ = {isa = PBXBuildFile; fileRef = 117C0BCD2B62CC8B0027FD45 /* MessageStatus.swift */; };
		117C0BD02B62CC980027FD45 /* Messageable.swift in Sources */ = {isa = PBXBuildFile; fileRef = 117C0BCF2B62CC980027FD45 /* Messageable.swift */; };
		117C0BD32B62CCB90027FD45 /* MessageableContainer.swift in Sources */ = {isa = PBXBuildFile; fileRef = 117C0BD22B62CCB90027FD45 /* MessageableContainer.swift */; };
		117C0BD52B62CCC50027FD45 /* MessageTextModel.swift in Sources */ = {isa = PBXBuildFile; fileRef = 117C0BD42B62CCC50027FD45 /* MessageTextModel.swift */; };
		117C0BD72B62CCD00027FD45 /* MessageModel.swift in Sources */ = {isa = PBXBuildFile; fileRef = 117C0BD62B62CCD00027FD45 /* MessageModel.swift */; };
		117C0BDA2B62CCE30027FD45 /* ChatService.swift in Sources */ = {isa = PBXBuildFile; fileRef = 117C0BD92B62CCE30027FD45 /* ChatService.swift */; };
		117C0BDC2B62CCF50027FD45 /* CoreDataChatService.swift in Sources */ = {isa = PBXBuildFile; fileRef = 117C0BDB2B62CCF50027FD45 /* CoreDataChatService.swift */; };
		117C0BDF2B62CD150027FD45 /* String+isNotEmpty.swift in Sources */ = {isa = PBXBuildFile; fileRef = 117C0BDE2B62CD150027FD45 /* String+isNotEmpty.swift */; };
		117C0BE12B62D4A40027FD45 /* DropDirection.swift in Sources */ = {isa = PBXBuildFile; fileRef = 117C0BE02B62D4A40027FD45 /* DropDirection.swift */; };
		117C0BE32B62D4AE0027FD45 /* ScollDirection.swift in Sources */ = {isa = PBXBuildFile; fileRef = 117C0BE22B62D4AE0027FD45 /* ScollDirection.swift */; };
		117C0BE52B62D4BA0027FD45 /* Paginator.swift in Sources */ = {isa = PBXBuildFile; fileRef = 117C0BE42B62D4BA0027FD45 /* Paginator.swift */; };
		117C0BE82B62E73A0027FD45 /* MyMessageCell.xib in Resources */ = {isa = PBXBuildFile; fileRef = 117C0BE72B62E73A0027FD45 /* MyMessageCell.xib */; };
		117C0BEA2B62E7E80027FD45 /* MessageCell.xib in Resources */ = {isa = PBXBuildFile; fileRef = 117C0BE92B62E7E80027FD45 /* MessageCell.xib */; };
/* End PBXBuildFile section */

/* Begin PBXFileReference section */
		117C0BA22B6281630027FD45 /* ChatTestApp.app */ = {isa = PBXFileReference; explicitFileType = wrapper.application; includeInIndex = 0; path = ChatTestApp.app; sourceTree = BUILT_PRODUCTS_DIR; };
		117C0BA52B6281630027FD45 /* AppDelegate.swift */ = {isa = PBXFileReference; lastKnownFileType = sourcecode.swift; path = AppDelegate.swift; sourceTree = "<group>"; };
		117C0BA72B6281630027FD45 /* SceneDelegate.swift */ = {isa = PBXFileReference; lastKnownFileType = sourcecode.swift; path = SceneDelegate.swift; sourceTree = "<group>"; };
		117C0BA92B6281630027FD45 /* ViewController.swift */ = {isa = PBXFileReference; lastKnownFileType = sourcecode.swift; path = ViewController.swift; sourceTree = "<group>"; };
		117C0BAC2B6281630027FD45 /* Base */ = {isa = PBXFileReference; lastKnownFileType = file.storyboard; name = Base; path = Base.lproj/Main.storyboard; sourceTree = "<group>"; };
		117C0BAE2B6281640027FD45 /* Assets.xcassets */ = {isa = PBXFileReference; lastKnownFileType = folder.assetcatalog; path = Assets.xcassets; sourceTree = "<group>"; };
		117C0BB12B6281640027FD45 /* Base */ = {isa = PBXFileReference; lastKnownFileType = file.storyboard; name = Base; path = Base.lproj/LaunchScreen.storyboard; sourceTree = "<group>"; };
		117C0BB32B6281640027FD45 /* Info.plist */ = {isa = PBXFileReference; lastKnownFileType = text.plist.xml; path = Info.plist; sourceTree = "<group>"; };
		117C0BBE2B62B7460027FD45 /* ChatViewModel.swift */ = {isa = PBXFileReference; lastKnownFileType = sourcecode.swift; path = ChatViewModel.swift; sourceTree = "<group>"; };
		117C0BC12B62CC360027FD45 /* BaseViewModel.swift */ = {isa = PBXFileReference; lastKnownFileType = sourcecode.swift; path = BaseViewModel.swift; sourceTree = "<group>"; };
		117C0BC52B62CC570027FD45 /* Bindable.swift */ = {isa = PBXFileReference; lastKnownFileType = sourcecode.swift; path = Bindable.swift; sourceTree = "<group>"; };
		117C0BC72B62CC670027FD45 /* ChatEvent.swift */ = {isa = PBXFileReference; lastKnownFileType = sourcecode.swift; path = ChatEvent.swift; sourceTree = "<group>"; };
		117C0BC92B62CC740027FD45 /* ChatError.swift */ = {isa = PBXFileReference; lastKnownFileType = sourcecode.swift; path = ChatError.swift; sourceTree = "<group>"; };
		117C0BCB2B62CC7F0027FD45 /* MessageType.swift */ = {isa = PBXFileReference; lastKnownFileType = sourcecode.swift; path = MessageType.swift; sourceTree = "<group>"; };
		117C0BCD2B62CC8B0027FD45 /* MessageStatus.swift */ = {isa = PBXFileReference; lastKnownFileType = sourcecode.swift; path = MessageStatus.swift; sourceTree = "<group>"; };
		117C0BCF2B62CC980027FD45 /* Messageable.swift */ = {isa = PBXFileReference; lastKnownFileType = sourcecode.swift; path = Messageable.swift; sourceTree = "<group>"; };
		117C0BD22B62CCB90027FD45 /* MessageableContainer.swift */ = {isa = PBXFileReference; lastKnownFileType = sourcecode.swift; path = MessageableContainer.swift; sourceTree = "<group>"; };
		117C0BD42B62CCC50027FD45 /* MessageTextModel.swift */ = {isa = PBXFileReference; lastKnownFileType = sourcecode.swift; path = MessageTextModel.swift; sourceTree = "<group>"; };
		117C0BD62B62CCD00027FD45 /* MessageModel.swift */ = {isa = PBXFileReference; lastKnownFileType = sourcecode.swift; path = MessageModel.swift; sourceTree = "<group>"; };
		117C0BD92B62CCE30027FD45 /* ChatService.swift */ = {isa = PBXFileReference; lastKnownFileType = sourcecode.swift; path = ChatService.swift; sourceTree = "<group>"; };
		117C0BDB2B62CCF50027FD45 /* CoreDataChatService.swift */ = {isa = PBXFileReference; lastKnownFileType = sourcecode.swift; path = CoreDataChatService.swift; sourceTree = "<group>"; };
		117C0BDE2B62CD150027FD45 /* String+isNotEmpty.swift */ = {isa = PBXFileReference; lastKnownFileType = sourcecode.swift; path = "String+isNotEmpty.swift"; sourceTree = "<group>"; };
		117C0BE02B62D4A40027FD45 /* DropDirection.swift */ = {isa = PBXFileReference; lastKnownFileType = sourcecode.swift; path = DropDirection.swift; sourceTree = "<group>"; };
		117C0BE22B62D4AE0027FD45 /* ScollDirection.swift */ = {isa = PBXFileReference; lastKnownFileType = sourcecode.swift; path = ScollDirection.swift; sourceTree = "<group>"; };
		117C0BE42B62D4BA0027FD45 /* Paginator.swift */ = {isa = PBXFileReference; lastKnownFileType = sourcecode.swift; path = Paginator.swift; sourceTree = "<group>"; };
		117C0BE72B62E73A0027FD45 /* MyMessageCell.xib */ = {isa = PBXFileReference; lastKnownFileType = file.xib; path = MyMessageCell.xib; sourceTree = "<group>"; };
		117C0BE92B62E7E80027FD45 /* MessageCell.xib */ = {isa = PBXFileReference; lastKnownFileType = file.xib; path = MessageCell.xib; sourceTree = "<group>"; };
/* End PBXFileReference section */

/* Begin PBXFrameworksBuildPhase section */
		117C0B9F2B6281630027FD45 /* Frameworks */ = {
			isa = PBXFrameworksBuildPhase;
			buildActionMask = 2147483647;
			files = (
			);
			runOnlyForDeploymentPostprocessing = 0;
		};
/* End PBXFrameworksBuildPhase section */

/* Begin PBXGroup section */
		117C0B992B6281630027FD45 = {
			isa = PBXGroup;
			children = (
				117C0BA42B6281630027FD45 /* ChatTestApp */,
				117C0BA32B6281630027FD45 /* Products */,
			);
			sourceTree = "<group>";
		};
		117C0BA32B6281630027FD45 /* Products */ = {
			isa = PBXGroup;
			children = (
				117C0BA22B6281630027FD45 /* ChatTestApp.app */,
			);
			name = Products;
			sourceTree = "<group>";
		};
		117C0BA42B6281630027FD45 /* ChatTestApp */ = {
			isa = PBXGroup;
			children = (
				117C0BBA2B62816D0027FD45 /* Core */,
				117C0BB92B6281670027FD45 /* Features */,
				117C0BBB2B6281720027FD45 /* Resources */,
				117C0BA52B6281630027FD45 /* AppDelegate.swift */,
				117C0BA72B6281630027FD45 /* SceneDelegate.swift */,
				117C0BA92B6281630027FD45 /* ViewController.swift */,
				117C0BB32B6281640027FD45 /* Info.plist */,
			);
			path = ChatTestApp;
			sourceTree = "<group>";
		};
		117C0BB92B6281670027FD45 /* Features */ = {
			isa = PBXGroup;
			children = (
				117C0BBD2B62B73B0027FD45 /* Chat */,
			);
			path = Features;
			sourceTree = "<group>";
		};
		117C0BBA2B62816D0027FD45 /* Core */ = {
			isa = PBXGroup;
			children = (
				117C0BDD2B62CD050027FD45 /* Extensions */,
				117C0BC42B62CC4F0027FD45 /* Protocols */,
				117C0BC32B62CC4A0027FD45 /* ViewModels */,
				117C0BC12B62CC360027FD45 /* BaseViewModel.swift */,
			);
			path = Core;
			sourceTree = "<group>";
		};
		117C0BBB2B6281720027FD45 /* Resources */ = {
			isa = PBXGroup;
			children = (
				117C0BE62B62E7280027FD45 /* Cells */,
				117C0BBC2B62817E0027FD45 /* Storyboards */,
				117C0BAE2B6281640027FD45 /* Assets.xcassets */,
			);
			path = Resources;
			sourceTree = "<group>";
		};
		117C0BBC2B62817E0027FD45 /* Storyboards */ = {
			isa = PBXGroup;
			children = (
				117C0BB02B6281640027FD45 /* LaunchScreen.storyboard */,
				117C0BAB2B6281630027FD45 /* Main.storyboard */,
			);
			path = Storyboards;
			sourceTree = "<group>";
		};
		117C0BBD2B62B73B0027FD45 /* Chat */ = {
			isa = PBXGroup;
			children = (
				117C0BEB2B62E8270027FD45 /* ViewModels */,
				117C0BD82B62CCDE0027FD45 /* Services */,
				117C0BC02B62CC250027FD45 /* Models */,
			);
			path = Chat;
			sourceTree = "<group>";
		};
		117C0BC02B62CC250027FD45 /* Models */ = {
			isa = PBXGroup;
			children = (
				117C0BD12B62CCAC0027FD45 /* Message */,
				117C0BC72B62CC670027FD45 /* ChatEvent.swift */,
				117C0BC92B62CC740027FD45 /* ChatError.swift */,
				117C0BE02B62D4A40027FD45 /* DropDirection.swift */,
				117C0BE22B62D4AE0027FD45 /* ScollDirection.swift */,
				117C0BE42B62D4BA0027FD45 /* Paginator.swift */,
			);
			path = Models;
			sourceTree = "<group>";
		};
		117C0BC32B62CC4A0027FD45 /* ViewModels */ = {
			isa = PBXGroup;
			children = (
			);
			path = ViewModels;
			sourceTree = "<group>";
		};
		117C0BC42B62CC4F0027FD45 /* Protocols */ = {
			isa = PBXGroup;
			children = (
				117C0BC52B62CC570027FD45 /* Bindable.swift */,
			);
			path = Protocols;
			sourceTree = "<group>";
		};
		117C0BD12B62CCAC0027FD45 /* Message */ = {
			isa = PBXGroup;
			children = (
				117C0BCB2B62CC7F0027FD45 /* MessageType.swift */,
				117C0BCD2B62CC8B0027FD45 /* MessageStatus.swift */,
				117C0BCF2B62CC980027FD45 /* Messageable.swift */,
				117C0BD22B62CCB90027FD45 /* MessageableContainer.swift */,
				117C0BD42B62CCC50027FD45 /* MessageTextModel.swift */,
				117C0BD62B62CCD00027FD45 /* MessageModel.swift */,
			);
			path = Message;
			sourceTree = "<group>";
		};
		117C0BD82B62CCDE0027FD45 /* Services */ = {
			isa = PBXGroup;
			children = (
				117C0BD92B62CCE30027FD45 /* ChatService.swift */,
				117C0BDB2B62CCF50027FD45 /* CoreDataChatService.swift */,
			);
			path = Services;
			sourceTree = "<group>";
		};
		117C0BDD2B62CD050027FD45 /* Extensions */ = {
			isa = PBXGroup;
			children = (
				117C0BDE2B62CD150027FD45 /* String+isNotEmpty.swift */,
			);
			path = Extensions;
			sourceTree = "<group>";
		};
		117C0BE62B62E7280027FD45 /* Cells */ = {
			isa = PBXGroup;
			children = (
				117C0BE72B62E73A0027FD45 /* MyMessageCell.xib */,
				117C0BE92B62E7E80027FD45 /* MessageCell.xib */,
			);
			path = Cells;
			sourceTree = "<group>";
		};
		117C0BEB2B62E8270027FD45 /* ViewModels */ = {
			isa = PBXGroup;
			children = (
				117C0BBE2B62B7460027FD45 /* ChatViewModel.swift */,
			);
			path = ViewModels;
			sourceTree = "<group>";
		};
/* End PBXGroup section */

/* Begin PBXNativeTarget section */
		117C0BA12B6281630027FD45 /* ChatTestApp */ = {
			isa = PBXNativeTarget;
			buildConfigurationList = 117C0BB62B6281640027FD45 /* Build configuration list for PBXNativeTarget "ChatTestApp" */;
			buildPhases = (
				117C0B9E2B6281630027FD45 /* Sources */,
				117C0B9F2B6281630027FD45 /* Frameworks */,
				117C0BA02B6281630027FD45 /* Resources */,
			);
			buildRules = (
			);
			dependencies = (
			);
			name = ChatTestApp;
			productName = ChatTestApp;
			productReference = 117C0BA22B6281630027FD45 /* ChatTestApp.app */;
			productType = "com.apple.product-type.application";
		};
/* End PBXNativeTarget section */

/* Begin PBXProject section */
		117C0B9A2B6281630027FD45 /* Project object */ = {
			isa = PBXProject;
			attributes = {
				BuildIndependentTargetsInParallel = 1;
				LastSwiftUpdateCheck = 1510;
				LastUpgradeCheck = 1510;
				TargetAttributes = {
					117C0BA12B6281630027FD45 = {
						CreatedOnToolsVersion = 15.1;
					};
				};
			};
			buildConfigurationList = 117C0B9D2B6281630027FD45 /* Build configuration list for PBXProject "ChatTestApp" */;
			compatibilityVersion = "Xcode 14.0";
			developmentRegion = en;
			hasScannedForEncodings = 0;
			knownRegions = (
				en,
				Base,
			);
			mainGroup = 117C0B992B6281630027FD45;
			productRefGroup = 117C0BA32B6281630027FD45 /* Products */;
			projectDirPath = "";
			projectRoot = "";
			targets = (
				117C0BA12B6281630027FD45 /* ChatTestApp */,
			);
		};
/* End PBXProject section */

/* Begin PBXResourcesBuildPhase section */
		117C0BA02B6281630027FD45 /* Resources */ = {
			isa = PBXResourcesBuildPhase;
			buildActionMask = 2147483647;
			files = (
				117C0BEA2B62E7E80027FD45 /* MessageCell.xib in Resources */,
				117C0BB22B6281640027FD45 /* LaunchScreen.storyboard in Resources */,
				117C0BE82B62E73A0027FD45 /* MyMessageCell.xib in Resources */,
				117C0BAF2B6281640027FD45 /* Assets.xcassets in Resources */,
				117C0BAD2B6281630027FD45 /* Main.storyboard in Resources */,
			);
			runOnlyForDeploymentPostprocessing = 0;
		};
/* End PBXResourcesBuildPhase section */

/* Begin PBXSourcesBuildPhase section */
		117C0B9E2B6281630027FD45 /* Sources */ = {
			isa = PBXSourcesBuildPhase;
			buildActionMask = 2147483647;
			files = (
				117C0BE32B62D4AE0027FD45 /* ScollDirection.swift in Sources */,
				117C0BAA2B6281630027FD45 /* ViewController.swift in Sources */,
				117C0BD32B62CCB90027FD45 /* MessageableContainer.swift in Sources */,
				117C0BCE2B62CC8B0027FD45 /* MessageStatus.swift in Sources */,
				117C0BC22B62CC360027FD45 /* BaseViewModel.swift in Sources */,
				117C0BC82B62CC670027FD45 /* ChatEvent.swift in Sources */,
				117C0BC62B62CC570027FD45 /* Bindable.swift in Sources */,
				117C0BCA2B62CC740027FD45 /* ChatError.swift in Sources */,
				117C0BA62B6281630027FD45 /* AppDelegate.swift in Sources */,
				117C0BDC2B62CCF50027FD45 /* CoreDataChatService.swift in Sources */,
				117C0BDA2B62CCE30027FD45 /* ChatService.swift in Sources */,
				117C0BCC2B62CC7F0027FD45 /* MessageType.swift in Sources */,
				117C0BD02B62CC980027FD45 /* Messageable.swift in Sources */,
				117C0BE12B62D4A40027FD45 /* DropDirection.swift in Sources */,
				117C0BBF2B62B7460027FD45 /* ChatViewModel.swift in Sources */,
				117C0BD52B62CCC50027FD45 /* MessageTextModel.swift in Sources */,
				117C0BA82B6281630027FD45 /* SceneDelegate.swift in Sources */,
				117C0BD72B62CCD00027FD45 /* MessageModel.swift in Sources */,
				117C0BDF2B62CD150027FD45 /* String+isNotEmpty.swift in Sources */,
				117C0BE52B62D4BA0027FD45 /* Paginator.swift in Sources */,
			);
			runOnlyForDeploymentPostprocessing = 0;
		};
/* End PBXSourcesBuildPhase section */

/* Begin PBXVariantGroup section */
		117C0BAB2B6281630027FD45 /* Main.storyboard */ = {
			isa = PBXVariantGroup;
			children = (
				117C0BAC2B6281630027FD45 /* Base */,
			);
			name = Main.storyboard;
			sourceTree = "<group>";
		};
		117C0BB02B6281640027FD45 /* LaunchScreen.storyboard */ = {
			isa = PBXVariantGroup;
			children = (
				117C0BB12B6281640027FD45 /* Base */,
			);
			name = LaunchScreen.storyboard;
			sourceTree = "<group>";
		};
/* End PBXVariantGroup section */

/* Begin XCBuildConfiguration section */
		117C0BB42B6281640027FD45 /* Debug */ = {
			isa = XCBuildConfiguration;
			buildSettings = {
				ALWAYS_SEARCH_USER_PATHS = NO;
				ASSETCATALOG_COMPILER_GENERATE_SWIFT_ASSET_SYMBOL_EXTENSIONS = YES;
				CLANG_ANALYZER_NONNULL = YES;
				CLANG_ANALYZER_NUMBER_OBJECT_CONVERSION = YES_AGGRESSIVE;
				CLANG_CXX_LANGUAGE_STANDARD = "gnu++20";
				CLANG_ENABLE_MODULES = YES;
				CLANG_ENABLE_OBJC_ARC = YES;
				CLANG_ENABLE_OBJC_WEAK = YES;
				CLANG_WARN_BLOCK_CAPTURE_AUTORELEASING = YES;
				CLANG_WARN_BOOL_CONVERSION = YES;
				CLANG_WARN_COMMA = YES;
				CLANG_WARN_CONSTANT_CONVERSION = YES;
				CLANG_WARN_DEPRECATED_OBJC_IMPLEMENTATIONS = YES;
				CLANG_WARN_DIRECT_OBJC_ISA_USAGE = YES_ERROR;
				CLANG_WARN_DOCUMENTATION_COMMENTS = YES;
				CLANG_WARN_EMPTY_BODY = YES;
				CLANG_WARN_ENUM_CONVERSION = YES;
				CLANG_WARN_INFINITE_RECURSION = YES;
				CLANG_WARN_INT_CONVERSION = YES;
				CLANG_WARN_NON_LITERAL_NULL_CONVERSION = YES;
				CLANG_WARN_OBJC_IMPLICIT_RETAIN_SELF = YES;
				CLANG_WARN_OBJC_LITERAL_CONVERSION = YES;
				CLANG_WARN_OBJC_ROOT_CLASS = YES_ERROR;
				CLANG_WARN_QUOTED_INCLUDE_IN_FRAMEWORK_HEADER = YES;
				CLANG_WARN_RANGE_LOOP_ANALYSIS = YES;
				CLANG_WARN_STRICT_PROTOTYPES = YES;
				CLANG_WARN_SUSPICIOUS_MOVE = YES;
				CLANG_WARN_UNGUARDED_AVAILABILITY = YES_AGGRESSIVE;
				CLANG_WARN_UNREACHABLE_CODE = YES;
				CLANG_WARN__DUPLICATE_METHOD_MATCH = YES;
				COPY_PHASE_STRIP = NO;
				DEBUG_INFORMATION_FORMAT = dwarf;
				ENABLE_STRICT_OBJC_MSGSEND = YES;
				ENABLE_TESTABILITY = YES;
				ENABLE_USER_SCRIPT_SANDBOXING = YES;
				GCC_C_LANGUAGE_STANDARD = gnu17;
				GCC_DYNAMIC_NO_PIC = NO;
				GCC_NO_COMMON_BLOCKS = YES;
				GCC_OPTIMIZATION_LEVEL = 0;
				GCC_PREPROCESSOR_DEFINITIONS = (
					"DEBUG=1",
					"$(inherited)",
				);
				GCC_WARN_64_TO_32_BIT_CONVERSION = YES;
				GCC_WARN_ABOUT_RETURN_TYPE = YES_ERROR;
				GCC_WARN_UNDECLARED_SELECTOR = YES;
				GCC_WARN_UNINITIALIZED_AUTOS = YES_AGGRESSIVE;
				GCC_WARN_UNUSED_FUNCTION = YES;
				GCC_WARN_UNUSED_VARIABLE = YES;
				IPHONEOS_DEPLOYMENT_TARGET = 17.2;
				LOCALIZATION_PREFERS_STRING_CATALOGS = YES;
				MTL_ENABLE_DEBUG_INFO = INCLUDE_SOURCE;
				MTL_FAST_MATH = YES;
				ONLY_ACTIVE_ARCH = YES;
				SDKROOT = iphoneos;
				SWIFT_ACTIVE_COMPILATION_CONDITIONS = "DEBUG $(inherited)";
				SWIFT_OPTIMIZATION_LEVEL = "-Onone";
			};
			name = Debug;
		};
		117C0BB52B6281640027FD45 /* Release */ = {
			isa = XCBuildConfiguration;
			buildSettings = {
				ALWAYS_SEARCH_USER_PATHS = NO;
				ASSETCATALOG_COMPILER_GENERATE_SWIFT_ASSET_SYMBOL_EXTENSIONS = YES;
				CLANG_ANALYZER_NONNULL = YES;
				CLANG_ANALYZER_NUMBER_OBJECT_CONVERSION = YES_AGGRESSIVE;
				CLANG_CXX_LANGUAGE_STANDARD = "gnu++20";
				CLANG_ENABLE_MODULES = YES;
				CLANG_ENABLE_OBJC_ARC = YES;
				CLANG_ENABLE_OBJC_WEAK = YES;
				CLANG_WARN_BLOCK_CAPTURE_AUTORELEASING = YES;
				CLANG_WARN_BOOL_CONVERSION = YES;
				CLANG_WARN_COMMA = YES;
				CLANG_WARN_CONSTANT_CONVERSION = YES;
				CLANG_WARN_DEPRECATED_OBJC_IMPLEMENTATIONS = YES;
				CLANG_WARN_DIRECT_OBJC_ISA_USAGE = YES_ERROR;
				CLANG_WARN_DOCUMENTATION_COMMENTS = YES;
				CLANG_WARN_EMPTY_BODY = YES;
				CLANG_WARN_ENUM_CONVERSION = YES;
				CLANG_WARN_INFINITE_RECURSION = YES;
				CLANG_WARN_INT_CONVERSION = YES;
				CLANG_WARN_NON_LITERAL_NULL_CONVERSION = YES;
				CLANG_WARN_OBJC_IMPLICIT_RETAIN_SELF = YES;
				CLANG_WARN_OBJC_LITERAL_CONVERSION = YES;
				CLANG_WARN_OBJC_ROOT_CLASS = YES_ERROR;
				CLANG_WARN_QUOTED_INCLUDE_IN_FRAMEWORK_HEADER = YES;
				CLANG_WARN_RANGE_LOOP_ANALYSIS = YES;
				CLANG_WARN_STRICT_PROTOTYPES = YES;
				CLANG_WARN_SUSPICIOUS_MOVE = YES;
				CLANG_WARN_UNGUARDED_AVAILABILITY = YES_AGGRESSIVE;
				CLANG_WARN_UNREACHABLE_CODE = YES;
				CLANG_WARN__DUPLICATE_METHOD_MATCH = YES;
				COPY_PHASE_STRIP = NO;
				DEBUG_INFORMATION_FORMAT = "dwarf-with-dsym";
				ENABLE_NS_ASSERTIONS = NO;
				ENABLE_STRICT_OBJC_MSGSEND = YES;
				ENABLE_USER_SCRIPT_SANDBOXING = YES;
				GCC_C_LANGUAGE_STANDARD = gnu17;
				GCC_NO_COMMON_BLOCKS = YES;
				GCC_WARN_64_TO_32_BIT_CONVERSION = YES;
				GCC_WARN_ABOUT_RETURN_TYPE = YES_ERROR;
				GCC_WARN_UNDECLARED_SELECTOR = YES;
				GCC_WARN_UNINITIALIZED_AUTOS = YES_AGGRESSIVE;
				GCC_WARN_UNUSED_FUNCTION = YES;
				GCC_WARN_UNUSED_VARIABLE = YES;
				IPHONEOS_DEPLOYMENT_TARGET = 17.2;
				LOCALIZATION_PREFERS_STRING_CATALOGS = YES;
				MTL_ENABLE_DEBUG_INFO = NO;
				MTL_FAST_MATH = YES;
				SDKROOT = iphoneos;
				SWIFT_COMPILATION_MODE = wholemodule;
				VALIDATE_PRODUCT = YES;
			};
			name = Release;
		};
		117C0BB72B6281640027FD45 /* Debug */ = {
			isa = XCBuildConfiguration;
			buildSettings = {
				ASSETCATALOG_COMPILER_APPICON_NAME = AppIcon;
				ASSETCATALOG_COMPILER_GLOBAL_ACCENT_COLOR_NAME = AccentColor;
				CODE_SIGN_STYLE = Automatic;
				CURRENT_PROJECT_VERSION = 1;
				DEVELOPMENT_TEAM = 6NNWR2JHQ8;
				GENERATE_INFOPLIST_FILE = YES;
				INFOPLIST_FILE = ChatTestApp/Info.plist;
				INFOPLIST_KEY_UIApplicationSupportsIndirectInputEvents = YES;
				INFOPLIST_KEY_UILaunchStoryboardName = LaunchScreen;
				INFOPLIST_KEY_UIMainStoryboardFile = Main;
				INFOPLIST_KEY_UISupportedInterfaceOrientations_iPad = "UIInterfaceOrientationPortrait UIInterfaceOrientationPortraitUpsideDown UIInterfaceOrientationLandscapeLeft UIInterfaceOrientationLandscapeRight";
				INFOPLIST_KEY_UISupportedInterfaceOrientations_iPhone = "UIInterfaceOrientationPortrait UIInterfaceOrientationLandscapeLeft UIInterfaceOrientationLandscapeRight";
				LD_RUNPATH_SEARCH_PATHS = (
					"$(inherited)",
					"@executable_path/Frameworks",
				);
				MARKETING_VERSION = 1.0;
				PRODUCT_BUNDLE_IDENTIFIER = com.applage.ios.bankTestApp.ChatTestApp;
				PRODUCT_NAME = "$(TARGET_NAME)";
				SWIFT_EMIT_LOC_STRINGS = YES;
				SWIFT_VERSION = 5.0;
				TARGETED_DEVICE_FAMILY = "1,2";
			};
			name = Debug;
		};
		117C0BB82B6281640027FD45 /* Release */ = {
			isa = XCBuildConfiguration;
			buildSettings = {
				ASSETCATALOG_COMPILER_APPICON_NAME = AppIcon;
				ASSETCATALOG_COMPILER_GLOBAL_ACCENT_COLOR_NAME = AccentColor;
				CODE_SIGN_STYLE = Automatic;
				CURRENT_PROJECT_VERSION = 1;
				DEVELOPMENT_TEAM = 6NNWR2JHQ8;
				GENERATE_INFOPLIST_FILE = YES;
				INFOPLIST_FILE = ChatTestApp/Info.plist;
				INFOPLIST_KEY_UIApplicationSupportsIndirectInputEvents = YES;
				INFOPLIST_KEY_UILaunchStoryboardName = LaunchScreen;
				INFOPLIST_KEY_UIMainStoryboardFile = Main;
				INFOPLIST_KEY_UISupportedInterfaceOrientations_iPad = "UIInterfaceOrientationPortrait UIInterfaceOrientationPortraitUpsideDown UIInterfaceOrientationLandscapeLeft UIInterfaceOrientationLandscapeRight";
				INFOPLIST_KEY_UISupportedInterfaceOrientations_iPhone = "UIInterfaceOrientationPortrait UIInterfaceOrientationLandscapeLeft UIInterfaceOrientationLandscapeRight";
				LD_RUNPATH_SEARCH_PATHS = (
					"$(inherited)",
					"@executable_path/Frameworks",
				);
				MARKETING_VERSION = 1.0;
				PRODUCT_BUNDLE_IDENTIFIER = com.applage.ios.bankTestApp.ChatTestApp;
				PRODUCT_NAME = "$(TARGET_NAME)";
				SWIFT_EMIT_LOC_STRINGS = YES;
				SWIFT_VERSION = 5.0;
				TARGETED_DEVICE_FAMILY = "1,2";
			};
			name = Release;
		};
/* End XCBuildConfiguration section */

/* Begin XCConfigurationList section */
		117C0B9D2B6281630027FD45 /* Build configuration list for PBXProject "ChatTestApp" */ = {
			isa = XCConfigurationList;
			buildConfigurations = (
				117C0BB42B6281640027FD45 /* Debug */,
				117C0BB52B6281640027FD45 /* Release */,
			);
			defaultConfigurationIsVisible = 0;
			defaultConfigurationName = Release;
		};
		117C0BB62B6281640027FD45 /* Build configuration list for PBXNativeTarget "ChatTestApp" */ = {
			isa = XCConfigurationList;
			buildConfigurations = (
				117C0BB72B6281640027FD45 /* Debug */,
				117C0BB82B6281640027FD45 /* Release */,
			);
			defaultConfigurationIsVisible = 0;
			defaultConfigurationName = Release;
		};
/* End XCConfigurationList section */
	};
	rootObject = 117C0B9A2B6281630027FD45 /* Project object */;
}
